// !$*UTF8*$!
{
	archiveVersion = 1;
	classes = {
	};
	objectVersion = 55;
	objects = {

/* Begin PBXBuildFile section */
		D173665C27D27DCC00D011DF /* AppDelegate.swift in Sources */ = {isa = PBXBuildFile; fileRef = D173665B27D27DCC00D011DF /* AppDelegate.swift */; };
		D173665E27D27DCC00D011DF /* SceneDelegate.swift in Sources */ = {isa = PBXBuildFile; fileRef = D173665D27D27DCC00D011DF /* SceneDelegate.swift */; };
		D173666027D27DCC00D011DF /* FirstViewController.swift in Sources */ = {isa = PBXBuildFile; fileRef = D173665F27D27DCC00D011DF /* FirstViewController.swift */; };
		D173666327D27DCC00D011DF /* Main.storyboard in Resources */ = {isa = PBXBuildFile; fileRef = D173666127D27DCC00D011DF /* Main.storyboard */; };
		D173666527D27DCC00D011DF /* Assets.xcassets in Resources */ = {isa = PBXBuildFile; fileRef = D173666427D27DCC00D011DF /* Assets.xcassets */; };
		D173666827D27DCC00D011DF /* LaunchScreen.storyboard in Resources */ = {isa = PBXBuildFile; fileRef = D173666627D27DCC00D011DF /* LaunchScreen.storyboard */; };
		D173667027D27E1200D011DF /* SecondViewController.swift in Sources */ = {isa = PBXBuildFile; fileRef = D173666F27D27E1200D011DF /* SecondViewController.swift */; };
		D173667227D27EA300D011DF /* ThirdViewController.swift in Sources */ = {isa = PBXBuildFile; fileRef = D173667127D27EA300D011DF /* ThirdViewController.swift */; };
		D173667427D28A8700D011DF /* fromSaxToPiano.swift in Sources */ = {isa = PBXBuildFile; fileRef = D173667327D28A8700D011DF /* fromSaxToPiano.swift */; };
		D173667627D28A9300D011DF /* fromPianoToSax.swift in Sources */ = {isa = PBXBuildFile; fileRef = D173667527D28A9300D011DF /* fromPianoToSax.swift */; };
/* End PBXBuildFile section */

/* Begin PBXFileReference section */
		D173665827D27DCC00D011DF /* Auto transposer (saxo-piano).app */ = {isa = PBXFileReference; explicitFileType = wrapper.application; includeInIndex = 0; path = "Auto transposer (saxo-piano).app"; sourceTree = BUILT_PRODUCTS_DIR; };
		D173665B27D27DCC00D011DF /* AppDelegate.swift */ = {isa = PBXFileReference; lastKnownFileType = sourcecode.swift; path = AppDelegate.swift; sourceTree = "<group>"; };
		D173665D27D27DCC00D011DF /* SceneDelegate.swift */ = {isa = PBXFileReference; lastKnownFileType = sourcecode.swift; path = SceneDelegate.swift; sourceTree = "<group>"; };
		D173665F27D27DCC00D011DF /* FirstViewController.swift */ = {isa = PBXFileReference; lastKnownFileType = sourcecode.swift; path = FirstViewController.swift; sourceTree = "<group>"; };
		D173666227D27DCC00D011DF /* Base */ = {isa = PBXFileReference; lastKnownFileType = file.storyboard; name = Base; path = Base.lproj/Main.storyboard; sourceTree = "<group>"; };
		D173666427D27DCC00D011DF /* Assets.xcassets */ = {isa = PBXFileReference; lastKnownFileType = folder.assetcatalog; path = Assets.xcassets; sourceTree = "<group>"; };
		D173666727D27DCC00D011DF /* Base */ = {isa = PBXFileReference; lastKnownFileType = file.storyboard; name = Base; path = Base.lproj/LaunchScreen.storyboard; sourceTree = "<group>"; };
		D173666927D27DCC00D011DF /* Info.plist */ = {isa = PBXFileReference; lastKnownFileType = text.plist.xml; path = Info.plist; sourceTree = "<group>"; };
		D173666F27D27E1200D011DF /* SecondViewController.swift */ = {isa = PBXFileReference; lastKnownFileType = sourcecode.swift; path = SecondViewController.swift; sourceTree = "<group>"; };
		D173667127D27EA300D011DF /* ThirdViewController.swift */ = {isa = PBXFileReference; lastKnownFileType = sourcecode.swift; path = ThirdViewController.swift; sourceTree = "<group>"; };
		D173667327D28A8700D011DF /* fromSaxToPiano.swift */ = {isa = PBXFileReference; lastKnownFileType = sourcecode.swift; path = fromSaxToPiano.swift; sourceTree = "<group>"; };
		D173667527D28A9300D011DF /* fromPianoToSax.swift */ = {isa = PBXFileReference; lastKnownFileType = sourcecode.swift; path = fromPianoToSax.swift; sourceTree = "<group>"; };
/* End PBXFileReference section */

/* Begin PBXFrameworksBuildPhase section */
		D173665527D27DCC00D011DF /* Frameworks */ = {
			isa = PBXFrameworksBuildPhase;
			buildActionMask = 2147483647;
			files = (
			);
			runOnlyForDeploymentPostprocessing = 0;
		};
/* End PBXFrameworksBuildPhase section */

/* Begin PBXGroup section */
		D173664F27D27DCC00D011DF = {
			isa = PBXGroup;
			children = (
				D173665A27D27DCC00D011DF /* Auto transposer (saxo-piano) */,
				D173665927D27DCC00D011DF /* Products */,
			);
			sourceTree = "<group>";
		};
		D173665927D27DCC00D011DF /* Products */ = {
			isa = PBXGroup;
			children = (
				D173665827D27DCC00D011DF /* Auto transposer (saxo-piano).app */,
			);
			name = Products;
			sourceTree = "<group>";
		};
		D173665A27D27DCC00D011DF /* Auto transposer (saxo-piano) */ = {
			isa = PBXGroup;
			children = (
				D173665F27D27DCC00D011DF /* FirstViewController.swift */,
				D173666F27D27E1200D011DF /* SecondViewController.swift */,
				D173667127D27EA300D011DF /* ThirdViewController.swift */,
				D173666127D27DCC00D011DF /* Main.storyboard */,
				D173667527D28A9300D011DF /* fromPianoToSax.swift */,
				D173667327D28A8700D011DF /* fromSaxToPiano.swift */,
				D173666427D27DCC00D011DF /* Assets.xcassets */,
				D173666627D27DCC00D011DF /* LaunchScreen.storyboard */,
				D173666927D27DCC00D011DF /* Info.plist */,
				D173665B27D27DCC00D011DF /* AppDelegate.swift */,
				D173665D27D27DCC00D011DF /* SceneDelegate.swift */,
			);
			path = "Auto transposer (saxo-piano)";
			sourceTree = "<group>";
		};
/* End PBXGroup section */

/* Begin PBXNativeTarget section */
		D173665727D27DCC00D011DF /* Auto transposer (saxo-piano) */ = {
			isa = PBXNativeTarget;
			buildConfigurationList = D173666C27D27DCC00D011DF /* Build configuration list for PBXNativeTarget "Auto transposer (saxo-piano)" */;
			buildPhases = (
				D173665427D27DCC00D011DF /* Sources */,
				D173665527D27DCC00D011DF /* Frameworks */,
				D173665627D27DCC00D011DF /* Resources */,
			);
			buildRules = (
			);
			dependencies = (
			);
			name = "Auto transposer (saxo-piano)";
			productName = "Auto transposer (saxo-piano)";
			productReference = D173665827D27DCC00D011DF /* Auto transposer (saxo-piano).app */;
			productType = "com.apple.product-type.application";
		};
/* End PBXNativeTarget section */

/* Begin PBXProject section */
		D173665027D27DCC00D011DF /* Project object */ = {
			isa = PBXProject;
			attributes = {
				BuildIndependentTargetsInParallel = 1;
				LastSwiftUpdateCheck = 1320;
				LastUpgradeCheck = 1320;
				TargetAttributes = {
					D173665727D27DCC00D011DF = {
						CreatedOnToolsVersion = 13.2.1;
					};
				};
			};
			buildConfigurationList = D173665327D27DCC00D011DF /* Build configuration list for PBXProject "Auto transposer (saxo-piano)" */;
			compatibilityVersion = "Xcode 13.0";
			developmentRegion = en;
			hasScannedForEncodings = 0;
			knownRegions = (
				en,
				Base,
			);
			mainGroup = D173664F27D27DCC00D011DF;
			productRefGroup = D173665927D27DCC00D011DF /* Products */;
			projectDirPath = "";
			projectRoot = "";
			targets = (
				D173665727D27DCC00D011DF /* Auto transposer (saxo-piano) */,
			);
		};
/* End PBXProject section */

/* Begin PBXResourcesBuildPhase section */
		D173665627D27DCC00D011DF /* Resources */ = {
			isa = PBXResourcesBuildPhase;
			buildActionMask = 2147483647;
			files = (
				D173666827D27DCC00D011DF /* LaunchScreen.storyboard in Resources */,
				D173666527D27DCC00D011DF /* Assets.xcassets in Resources */,
				D173666327D27DCC00D011DF /* Main.storyboard in Resources */,
			);
			runOnlyForDeploymentPostprocessing = 0;
		};
/* End PBXResourcesBuildPhase section */

/* Begin PBXSourcesBuildPhase section */
		D173665427D27DCC00D011DF /* Sources */ = {
			isa = PBXSourcesBuildPhase;
			buildActionMask = 2147483647;
			files = (
				D173667027D27E1200D011DF /* SecondViewController.swift in Sources */,
				D173666027D27DCC00D011DF /* FirstViewController.swift in Sources */,
				D173667627D28A9300D011DF /* fromPianoToSax.swift in Sources */,
				D173667227D27EA300D011DF /* ThirdViewController.swift in Sources */,
				D173665C27D27DCC00D011DF /* AppDelegate.swift in Sources */,
				D173665E27D27DCC00D011DF /* SceneDelegate.swift in Sources */,
				D173667427D28A8700D011DF /* fromSaxToPiano.swift in Sources */,
			);
			runOnlyForDeploymentPostprocessing = 0;
		};
/* End PBXSourcesBuildPhase section */

/* Begin PBXVariantGroup section */
		D173666127D27DCC00D011DF /* Main.storyboard */ = {
			isa = PBXVariantGroup;
			children = (
				D173666227D27DCC00D011DF /* Base */,
			);
			name = Main.storyboard;
			sourceTree = "<group>";
		};
		D173666627D27DCC00D011DF /* LaunchScreen.storyboard */ = {
			isa = PBXVariantGroup;
			children = (
				D173666727D27DCC00D011DF /* Base */,
			);
			name = LaunchScreen.storyboard;
			sourceTree = "<group>";
		};
/* End PBXVariantGroup section */

/* Begin XCBuildConfiguration section */
		D173666A27D27DCC00D011DF /* Debug */ = {
			isa = XCBuildConfiguration;
			buildSettings = {
				ALWAYS_SEARCH_USER_PATHS = NO;
				CLANG_ANALYZER_NONNULL = YES;
				CLANG_ANALYZER_NUMBER_OBJECT_CONVERSION = YES_AGGRESSIVE;
				CLANG_CXX_LANGUAGE_STANDARD = "gnu++17";
				CLANG_CXX_LIBRARY = "libc++";
				CLANG_ENABLE_MODULES = YES;
				CLANG_ENABLE_OBJC_ARC = YES;
				CLANG_ENABLE_OBJC_WEAK = YES;
				CLANG_WARN_BLOCK_CAPTURE_AUTORELEASING = YES;
				CLANG_WARN_BOOL_CONVERSION = YES;
				CLANG_WARN_COMMA = YES;
				CLANG_WARN_CONSTANT_CONVERSION = YES;
				CLANG_WARN_DEPRECATED_OBJC_IMPLEMENTATIONS = YES;
				CLANG_WARN_DIRECT_OBJC_ISA_USAGE = YES_ERROR;
				CLANG_WARN_DOCUMENTATION_COMMENTS = YES;
				CLANG_WARN_EMPTY_BODY = YES;
				CLANG_WARN_ENUM_CONVERSION = YES;
				CLANG_WARN_INFINITE_RECURSION = YES;
				CLANG_WARN_INT_CONVERSION = YES;
				CLANG_WARN_NON_LITERAL_NULL_CONVERSION = YES;
				CLANG_WARN_OBJC_IMPLICIT_RETAIN_SELF = YES;
				CLANG_WARN_OBJC_LITERAL_CONVERSION = YES;
				CLANG_WARN_OBJC_ROOT_CLASS = YES_ERROR;
				CLANG_WARN_QUOTED_INCLUDE_IN_FRAMEWORK_HEADER = YES;
				CLANG_WARN_RANGE_LOOP_ANALYSIS = YES;
				CLANG_WARN_STRICT_PROTOTYPES = YES;
				CLANG_WARN_SUSPICIOUS_MOVE = YES;
				CLANG_WARN_UNGUARDED_AVAILABILITY = YES_AGGRESSIVE;
				CLANG_WARN_UNREACHABLE_CODE = YES;
				CLANG_WARN__DUPLICATE_METHOD_MATCH = YES;
				COPY_PHASE_STRIP = NO;
				DEBUG_INFORMATION_FORMAT = dwarf;
				ENABLE_STRICT_OBJC_MSGSEND = YES;
				ENABLE_TESTABILITY = YES;
				GCC_C_LANGUAGE_STANDARD = gnu11;
				GCC_DYNAMIC_NO_PIC = NO;
				GCC_NO_COMMON_BLOCKS = YES;
				GCC_OPTIMIZATION_LEVEL = 0;
				GCC_PREPROCESSOR_DEFINITIONS = (
					"DEBUG=1",
					"$(inherited)",
				);
				GCC_WARN_64_TO_32_BIT_CONVERSION = YES;
				GCC_WARN_ABOUT_RETURN_TYPE = YES_ERROR;
				GCC_WARN_UNDECLARED_SELECTOR = YES;
				GCC_WARN_UNINITIALIZED_AUTOS = YES_AGGRESSIVE;
				GCC_WARN_UNUSED_FUNCTION = YES;
				GCC_WARN_UNUSED_VARIABLE = YES;
				IPHONEOS_DEPLOYMENT_TARGET = 15.2;
				MTL_ENABLE_DEBUG_INFO = INCLUDE_SOURCE;
				MTL_FAST_MATH = YES;
				ONLY_ACTIVE_ARCH = YES;
				SDKROOT = iphoneos;
				SWIFT_ACTIVE_COMPILATION_CONDITIONS = DEBUG;
				SWIFT_OPTIMIZATION_LEVEL = "-Onone";
			};
			name = Debug;
		};
		D173666B27D27DCC00D011DF /* Release */ = {
			isa = XCBuildConfiguration;
			buildSettings = {
				ALWAYS_SEARCH_USER_PATHS = NO;
				CLANG_ANALYZER_NONNULL = YES;
				CLANG_ANALYZER_NUMBER_OBJECT_CONVERSION = YES_AGGRESSIVE;
				CLANG_CXX_LANGUAGE_STANDARD = "gnu++17";
				CLANG_CXX_LIBRARY = "libc++";
				CLANG_ENABLE_MODULES = YES;
				CLANG_ENABLE_OBJC_ARC = YES;
				CLANG_ENABLE_OBJC_WEAK = YES;
				CLANG_WARN_BLOCK_CAPTURE_AUTORELEASING = YES;
				CLANG_WARN_BOOL_CONVERSION = YES;
				CLANG_WARN_COMMA = YES;
				CLANG_WARN_CONSTANT_CONVERSION = YES;
				CLANG_WARN_DEPRECATED_OBJC_IMPLEMENTATIONS = YES;
				CLANG_WARN_DIRECT_OBJC_ISA_USAGE = YES_ERROR;
				CLANG_WARN_DOCUMENTATION_COMMENTS = YES;
				CLANG_WARN_EMPTY_BODY = YES;
				CLANG_WARN_ENUM_CONVERSION = YES;
				CLANG_WARN_INFINITE_RECURSION = YES;
				CLANG_WARN_INT_CONVERSION = YES;
				CLANG_WARN_NON_LITERAL_NULL_CONVERSION = YES;
				CLANG_WARN_OBJC_IMPLICIT_RETAIN_SELF = YES;
				CLANG_WARN_OBJC_LITERAL_CONVERSION = YES;
				CLANG_WARN_OBJC_ROOT_CLASS = YES_ERROR;
				CLANG_WARN_QUOTED_INCLUDE_IN_FRAMEWORK_HEADER = YES;
				CLANG_WARN_RANGE_LOOP_ANALYSIS = YES;
				CLANG_WARN_STRICT_PROTOTYPES = YES;
				CLANG_WARN_SUSPICIOUS_MOVE = YES;
				CLANG_WARN_UNGUARDED_AVAILABILITY = YES_AGGRESSIVE;
				CLANG_WARN_UNREACHABLE_CODE = YES;
				CLANG_WARN__DUPLICATE_METHOD_MATCH = YES;
				COPY_PHASE_STRIP = NO;
				DEBUG_INFORMATION_FORMAT = "dwarf-with-dsym";
				ENABLE_NS_ASSERTIONS = NO;
				ENABLE_STRICT_OBJC_MSGSEND = YES;
				GCC_C_LANGUAGE_STANDARD = gnu11;
				GCC_NO_COMMON_BLOCKS = YES;
				GCC_WARN_64_TO_32_BIT_CONVERSION = YES;
				GCC_WARN_ABOUT_RETURN_TYPE = YES_ERROR;
				GCC_WARN_UNDECLARED_SELECTOR = YES;
				GCC_WARN_UNINITIALIZED_AUTOS = YES_AGGRESSIVE;
				GCC_WARN_UNUSED_FUNCTION = YES;
				GCC_WARN_UNUSED_VARIABLE = YES;
				IPHONEOS_DEPLOYMENT_TARGET = 15.2;
				MTL_ENABLE_DEBUG_INFO = NO;
				MTL_FAST_MATH = YES;
				SDKROOT = iphoneos;
				SWIFT_COMPILATION_MODE = wholemodule;
				SWIFT_OPTIMIZATION_LEVEL = "-O";
				VALIDATE_PRODUCT = YES;
			};
			name = Release;
		};
		D173666D27D27DCC00D011DF /* Debug */ = {
			isa = XCBuildConfiguration;
			buildSettings = {
				ASSETCATALOG_COMPILER_APPICON_NAME = AppIcon;
				ASSETCATALOG_COMPILER_GLOBAL_ACCENT_COLOR_NAME = AccentColor;
				CODE_SIGN_STYLE = Automatic;
				CURRENT_PROJECT_VERSION = 1;
				DEVELOPMENT_TEAM = HK7WJP577R;
				GENERATE_INFOPLIST_FILE = YES;
				INFOPLIST_FILE = "Auto transposer (saxo-piano)/Info.plist";
				INFOPLIST_KEY_CFBundleDisplayName = "Transpose 🎷🎹";
				INFOPLIST_KEY_UIApplicationSupportsIndirectInputEvents = YES;
				INFOPLIST_KEY_UILaunchStoryboardName = LaunchScreen;
				INFOPLIST_KEY_UIMainStoryboardFile = Main;
				INFOPLIST_KEY_UISupportedInterfaceOrientations_iPad = "UIInterfaceOrientationPortrait UIInterfaceOrientationPortraitUpsideDown UIInterfaceOrientationLandscapeLeft UIInterfaceOrientationLandscapeRight";
				INFOPLIST_KEY_UISupportedInterfaceOrientations_iPhone = "UIInterfaceOrientationPortrait UIInterfaceOrientationLandscapeLeft UIInterfaceOrientationLandscapeRight";
				LD_RUNPATH_SEARCH_PATHS = (
					"$(inherited)",
					"@executable_path/Frameworks",
				);
				MARKETING_VERSION = 1.0;
				PRODUCT_BUNDLE_IDENTIFIER = "com.GhalyS.Auto-transposer--saxo-piano-";
				PRODUCT_NAME = "$(TARGET_NAME)";
				SWIFT_EMIT_LOC_STRINGS = YES;
				SWIFT_VERSION = 5.0;
				TARGETED_DEVICE_FAMILY = 1;
			};
			name = Debug;
		};
		D173666E27D27DCC00D011DF /* Release */ = {
			isa = XCBuildConfiguration;
			buildSettings = {
				ASSETCATALOG_COMPILER_APPICON_NAME = AppIcon;
				ASSETCATALOG_COMPILER_GLOBAL_ACCENT_COLOR_NAME = AccentColor;
				CODE_SIGN_STYLE = Automatic;
				CURRENT_PROJECT_VERSION = 1;
				DEVELOPMENT_TEAM = HK7WJP577R;
				GENERATE_INFOPLIST_FILE = YES;
				INFOPLIST_FILE = "Auto transposer (saxo-piano)/Info.plist";
				INFOPLIST_KEY_CFBundleDisplayName = "Transpose 🎷🎹";
				INFOPLIST_KEY_UIApplicationSupportsIndirectInputEvents = YES;
				INFOPLIST_KEY_UILaunchStoryboardName = LaunchScreen;
				INFOPLIST_KEY_UIMainStoryboardFile = Main;
				INFOPLIST_KEY_UISupportedInterfaceOrientations_iPad = "UIInterfaceOrientationPortrait UIInterfaceOrientationPortraitUpsideDown UIInterfaceOrientationLandscapeLeft UIInterfaceOrientationLandscapeRight";
				INFOPLIST_KEY_UISupportedInterfaceOrientations_iPhone = "UIInterfaceOrientationPortrait UIInterfaceOrientationLandscapeLeft UIInterfaceOrientationLandscapeRight";
				LD_RUNPATH_SEARCH_PATHS = (
					"$(inherited)",
					"@executable_path/Frameworks",
				);
				MARKETING_VERSION = 1.0;
				PRODUCT_BUNDLE_IDENTIFIER = "com.GhalyS.Auto-transposer--saxo-piano-";
				PRODUCT_NAME = "$(TARGET_NAME)";
				SWIFT_EMIT_LOC_STRINGS = YES;
				SWIFT_VERSION = 5.0;
				TARGETED_DEVICE_FAMILY = 1;
			};
			name = Release;
		};
/* End XCBuildConfiguration section */

/* Begin XCConfigurationList section */
		D173665327D27DCC00D011DF /* Build configuration list for PBXProject "Auto transposer (saxo-piano)" */ = {
			isa = XCConfigurationList;
			buildConfigurations = (
				D173666A27D27DCC00D011DF /* Debug */,
				D173666B27D27DCC00D011DF /* Release */,
			);
			defaultConfigurationIsVisible = 0;
			defaultConfigurationName = Release;
		};
		D173666C27D27DCC00D011DF /* Build configuration list for PBXNativeTarget "Auto transposer (saxo-piano)" */ = {
			isa = XCConfigurationList;
			buildConfigurations = (
				D173666D27D27DCC00D011DF /* Debug */,
				D173666E27D27DCC00D011DF /* Release */,
			);
			defaultConfigurationIsVisible = 0;
			defaultConfigurationName = Release;
		};
/* End XCConfigurationList section */
	};
	rootObject = D173665027D27DCC00D011DF /* Project object */;
}
